
Microsoft Visual Studio Solution File, Format Version 12.00
Project("{FAE04EC0-301F-11D3-BF4B-00C04F79EFBC}") = "Consumers", "Consumers\Consumers.csproj", "{10691B0C-08F2-4D89-8D2C-A380342A3C43}"
EndProject
Global
	GlobalSection(SolutionConfigurationPlatforms) = preSolution
		Debug|Any CPU = Debug|Any CPU
		Release|Any CPU = Release|Any CPU
	EndGlobalSection
	GlobalSection(ProjectConfigurationPlatforms) = postSolution
		{10691B0C-08F2-4D89-8D2C-A380342A3C43}.Debug|Any CPU.ActiveCfg = Debug|Any CPU
		{10691B0C-08F2-4D89-8D2C-A380342A3C43}.Debug|Any CPU.Build.0 = Debug|Any CPU
		{10691B0C-08F2-4D89-8D2C-A380342A3C43}.Release|Any CPU.ActiveCfg = Release|Any CPU
		{10691B0C-08F2-4D89-8D2C-A380342A3C43}.Release|Any CPU.Build.0 = Release|Any CPU
	EndGlobalSection
EndGlobal
